// !$*UTF8*$!
{
	archiveVersion = 1;
	classes = {
	};
	objectVersion = 50;
	objects = {

/* Begin PBXBuildFile section */
		7E7198AE22E78CE400FF81BC /* UnitTestChamberMain.cpp in Sources */ = {isa = PBXBuildFile; fileRef = 7E7198AD22E78CE400FF81BC /* UnitTestChamberMain.cpp */; };
		7E7198B122E78E2F00FF81BC /* UnitTestRunner.cpp in Sources */ = {isa = PBXBuildFile; fileRef = 7E7198B022E78E2F00FF81BC /* UnitTestRunner.cpp */; };
		7E7198B322E78E7600FF81BC /* UnitTestDiagnostics.cpp in Sources */ = {isa = PBXBuildFile; fileRef = 7E7198B222E78E7600FF81BC /* UnitTestDiagnostics.cpp */; };
		7EA3701E23F34D1100627EC4 /* CommandLineArguments.cpp in Sources */ = {isa = PBXBuildFile; fileRef = 7EA3701C23F34D1100627EC4 /* CommandLineArguments.cpp */; };
		7EA3702323F34DC800627EC4 /* UnitTestCore.cpp in Sources */ = {isa = PBXBuildFile; fileRef = 7EA3702123F34DC800627EC4 /* UnitTestCore.cpp */; };
		7EA3702423F34DC800627EC4 /* UnitTestFamily.cpp in Sources */ = {isa = PBXBuildFile; fileRef = 7EA3702223F34DC800627EC4 /* UnitTestFamily.cpp */; };
		7EA3702623F34DD900627EC4 /* PerformanceTestDiagnostics.cpp in Sources */ = {isa = PBXBuildFile; fileRef = 7EA3702523F34DD900627EC4 /* PerformanceTestDiagnostics.cpp */; };
		7EDFEB3823E76C9F001308B7 /* CommandLineArgumentsDiagnostics.cpp in Sources */ = {isa = PBXBuildFile; fileRef = 7EDFEB3723E76C9F001308B7 /* CommandLineArgumentsDiagnostics.cpp */; };
		7EDFEB4523E76ECC001308B7 /* CommandLineArgumentsTest.cpp in Sources */ = {isa = PBXBuildFile; fileRef = 7EDFEB4423E76ECC001308B7 /* CommandLineArgumentsTest.cpp */; };
/* End PBXBuildFile section */

/* Begin PBXCopyFilesBuildPhase section */
		7E402F0B215D01510017F018 /* CopyFiles */ = {
			isa = PBXCopyFilesBuildPhase;
			buildActionMask = 2147483647;
			dstPath = /usr/share/man/man1/;
			dstSubfolderSpec = 0;
			files = (
			);
			runOnlyForDeploymentPostprocessing = 1;
		};
/* End PBXCopyFilesBuildPhase section */

/* Begin PBXFileReference section */
		7E402F0D215D01510017F018 /* SequoiaX */ = {isa = PBXFileReference; explicitFileType = "compiled.mach-o.executable"; includeInIndex = 0; path = SequoiaX; sourceTree = BUILT_PRODUCTS_DIR; };
		7E402F17215D01CE0017F018 /* Algorithms */ = {isa = PBXFileReference; lastKnownFileType = folder; name = Algorithms; path = ../Algorithms; sourceTree = "<group>"; };
		7E402F18215D01E60017F018 /* Core */ = {isa = PBXFileReference; lastKnownFileType = folder; name = Core; path = ../Core; sourceTree = "<group>"; };
		7E402F19215D01FC0017F018 /* Experimental */ = {isa = PBXFileReference; lastKnownFileType = folder; name = Experimental; path = ../Experimental; sourceTree = "<group>"; };
		7E402F1A215D02080017F018 /* Maths */ = {isa = PBXFileReference; lastKnownFileType = folder; name = Maths; path = ../Maths; sourceTree = "<group>"; };
		7E7198AD22E78CE400FF81BC /* UnitTestChamberMain.cpp */ = {isa = PBXFileReference; fileEncoding = 4; lastKnownFileType = sourcecode.cpp.cpp; name = UnitTestChamberMain.cpp; path = ../../UnitTestChamber/UnitTestChamberMain.cpp; sourceTree = "<group>"; };
		7E7198AF22E78D4F00FF81BC /* UnitTestFramework */ = {isa = PBXFileReference; lastKnownFileType = folder; name = UnitTestFramework; path = ../UnitTestFramework; sourceTree = "<group>"; };
		7E7198B022E78E2F00FF81BC /* UnitTestRunner.cpp */ = {isa = PBXFileReference; fileEncoding = 4; lastKnownFileType = sourcecode.cpp.cpp; name = UnitTestRunner.cpp; path = ../UnitTestFramework/UnitTestRunner.cpp; sourceTree = "<group>"; };
		7E7198B222E78E7600FF81BC /* UnitTestDiagnostics.cpp */ = {isa = PBXFileReference; fileEncoding = 4; lastKnownFileType = sourcecode.cpp.cpp; name = UnitTestDiagnostics.cpp; path = ../UnitTests/UnitTestFramework/UnitTestDiagnostics.cpp; sourceTree = "<group>"; };
		7EA3701C23F34D1100627EC4 /* CommandLineArguments.cpp */ = {isa = PBXFileReference; fileEncoding = 4; lastKnownFileType = sourcecode.cpp.cpp; name = CommandLineArguments.cpp; path = ../Parsing/CommandLineArguments.cpp; sourceTree = "<group>"; };
		7EA3702023F34D7F00627EC4 /* Parsing */ = {isa = PBXFileReference; lastKnownFileType = folder; name = Parsing; path = ../Parsing; sourceTree = "<group>"; };
		7EA3702123F34DC800627EC4 /* UnitTestCore.cpp */ = {isa = PBXFileReference; fileEncoding = 4; lastKnownFileType = sourcecode.cpp.cpp; name = UnitTestCore.cpp; path = ../UnitTestFramework/UnitTestCore.cpp; sourceTree = "<group>"; };
		7EA3702223F34DC800627EC4 /* UnitTestFamily.cpp */ = {isa = PBXFileReference; fileEncoding = 4; lastKnownFileType = sourcecode.cpp.cpp; name = UnitTestFamily.cpp; path = ../UnitTestFramework/UnitTestFamily.cpp; sourceTree = "<group>"; };
		7EA3702523F34DD900627EC4 /* PerformanceTestDiagnostics.cpp */ = {isa = PBXFileReference; fileEncoding = 4; lastKnownFileType = sourcecode.cpp.cpp; name = PerformanceTestDiagnostics.cpp; path = ../UnitTests/UnitTestFramework/PerformanceTestDiagnostics.cpp; sourceTree = "<group>"; };
		7EDFEB3723E76C9F001308B7 /* CommandLineArgumentsDiagnostics.cpp */ = {isa = PBXFileReference; fileEncoding = 4; lastKnownFileType = sourcecode.cpp.cpp; name = CommandLineArgumentsDiagnostics.cpp; path = ../UnitTests/Parsing/CommandLineArgumentsDiagnostics.cpp; sourceTree = "<group>"; };
		7EDFEB4423E76ECC001308B7 /* CommandLineArgumentsTest.cpp */ = {isa = PBXFileReference; fileEncoding = 4; lastKnownFileType = sourcecode.cpp.cpp; name = CommandLineArgumentsTest.cpp; path = ../UnitTests/Parsing/CommandLineArgumentsTest.cpp; sourceTree = "<group>"; };
/* End PBXFileReference section */

/* Begin PBXFrameworksBuildPhase section */
		7E402F0A215D01510017F018 /* Frameworks */ = {
			isa = PBXFrameworksBuildPhase;
			buildActionMask = 2147483647;
			files = (
			);
			runOnlyForDeploymentPostprocessing = 0;
		};
/* End PBXFrameworksBuildPhase section */

/* Begin PBXGroup section */
		7E402F04215D01510017F018 = {
			isa = PBXGroup;
			children = (
				7EA3702523F34DD900627EC4 /* PerformanceTestDiagnostics.cpp */,
				7EA3702123F34DC800627EC4 /* UnitTestCore.cpp */,
				7EA3702223F34DC800627EC4 /* UnitTestFamily.cpp */,
				7EA3701C23F34D1100627EC4 /* CommandLineArguments.cpp */,
				7EDFEB4423E76ECC001308B7 /* CommandLineArgumentsTest.cpp */,
				7EDFEB3723E76C9F001308B7 /* CommandLineArgumentsDiagnostics.cpp */,
				7E7198B222E78E7600FF81BC /* UnitTestDiagnostics.cpp */,
				7E7198B022E78E2F00FF81BC /* UnitTestRunner.cpp */,
				7EA3702023F34D7F00627EC4 /* Parsing */,
				7E7198AF22E78D4F00FF81BC /* UnitTestFramework */,
				7E402F1A215D02080017F018 /* Maths */,
				7E402F19215D01FC0017F018 /* Experimental */,
				7E402F18215D01E60017F018 /* Core */,
				7E402F17215D01CE0017F018 /* Algorithms */,
				7E402F0F215D01510017F018 /* SequoiaX */,
				7E402F0E215D01510017F018 /* Products */,
			);
			sourceTree = "<group>";
		};
		7E402F0E215D01510017F018 /* Products */ = {
			isa = PBXGroup;
			children = (
				7E402F0D215D01510017F018 /* SequoiaX */,
			);
			name = Products;
			sourceTree = "<group>";
		};
		7E402F0F215D01510017F018 /* SequoiaX */ = {
			isa = PBXGroup;
			children = (
				7E7198AD22E78CE400FF81BC /* UnitTestChamberMain.cpp */,
			);
			path = SequoiaX;
			sourceTree = "<group>";
		};
/* End PBXGroup section */

/* Begin PBXNativeTarget section */
		7E402F0C215D01510017F018 /* SequoiaX */ = {
			isa = PBXNativeTarget;
			buildConfigurationList = 7E402F14215D01510017F018 /* Build configuration list for PBXNativeTarget "SequoiaX" */;
			buildPhases = (
				7E402F09215D01510017F018 /* Sources */,
				7E402F0A215D01510017F018 /* Frameworks */,
				7E402F0B215D01510017F018 /* CopyFiles */,
			);
			buildRules = (
			);
			dependencies = (
			);
			name = SequoiaX;
			productName = SequoiaX;
			productReference = 7E402F0D215D01510017F018 /* SequoiaX */;
			productType = "com.apple.product-type.tool";
		};
/* End PBXNativeTarget section */

/* Begin PBXProject section */
		7E402F05215D01510017F018 /* Project object */ = {
			isa = PBXProject;
			attributes = {
				LastUpgradeCheck = 1000;
				ORGANIZATIONNAME = "Oliver Rosten";
				TargetAttributes = {
					7E402F0C215D01510017F018 = {
						CreatedOnToolsVersion = 10.0;
					};
				};
			};
			buildConfigurationList = 7E402F08215D01510017F018 /* Build configuration list for PBXProject "SequoiaX" */;
			compatibilityVersion = "Xcode 9.3";
			developmentRegion = en;
			hasScannedForEncodings = 0;
			knownRegions = (
				en,
			);
			mainGroup = 7E402F04215D01510017F018;
			productRefGroup = 7E402F0E215D01510017F018 /* Products */;
			projectDirPath = "";
			projectRoot = "";
			targets = (
				7E402F0C215D01510017F018 /* SequoiaX */,
			);
		};
/* End PBXProject section */

/* Begin PBXSourcesBuildPhase section */
		7E402F09215D01510017F018 /* Sources */ = {
			isa = PBXSourcesBuildPhase;
			buildActionMask = 2147483647;
			files = (
				7E7198AE22E78CE400FF81BC /* UnitTestChamberMain.cpp in Sources */,
				7E7198B122E78E2F00FF81BC /* UnitTestRunner.cpp in Sources */,
				7EA3702323F34DC800627EC4 /* UnitTestCore.cpp in Sources */,
				7EDFEB4523E76ECC001308B7 /* CommandLineArgumentsTest.cpp in Sources */,
				7EA3702423F34DC800627EC4 /* UnitTestFamily.cpp in Sources */,
				7E7198B322E78E7600FF81BC /* UnitTestDiagnostics.cpp in Sources */,
				7EDFEB3823E76C9F001308B7 /* CommandLineArgumentsDiagnostics.cpp in Sources */,
				7EA3702623F34DD900627EC4 /* PerformanceTestDiagnostics.cpp in Sources */,
				7EA3701E23F34D1100627EC4 /* CommandLineArguments.cpp in Sources */,
			);
			runOnlyForDeploymentPostprocessing = 0;
		};
/* End PBXSourcesBuildPhase section */

/* Begin XCBuildConfiguration section */
		7E402F12215D01510017F018 /* Debug */ = {
			isa = XCBuildConfiguration;
			buildSettings = {
				ALWAYS_SEARCH_USER_PATHS = NO;
				CLANG_ANALYZER_NONNULL = YES;
				CLANG_ANALYZER_NUMBER_OBJECT_CONVERSION = YES_AGGRESSIVE;
				CLANG_CXX_LANGUAGE_STANDARD = "gnu++14";
				CLANG_CXX_LIBRARY = "libc++";
				CLANG_ENABLE_MODULES = YES;
				CLANG_ENABLE_OBJC_ARC = YES;
				CLANG_ENABLE_OBJC_WEAK = YES;
				CLANG_WARN_BLOCK_CAPTURE_AUTORELEASING = YES;
				CLANG_WARN_BOOL_CONVERSION = YES;
				CLANG_WARN_COMMA = YES;
				CLANG_WARN_CONSTANT_CONVERSION = YES;
				CLANG_WARN_DEPRECATED_OBJC_IMPLEMENTATIONS = YES;
				CLANG_WARN_DIRECT_OBJC_ISA_USAGE = YES_ERROR;
				CLANG_WARN_DOCUMENTATION_COMMENTS = YES;
				CLANG_WARN_EMPTY_BODY = YES;
				CLANG_WARN_ENUM_CONVERSION = YES;
				CLANG_WARN_INFINITE_RECURSION = YES;
				CLANG_WARN_INT_CONVERSION = YES;
				CLANG_WARN_NON_LITERAL_NULL_CONVERSION = YES;
				CLANG_WARN_OBJC_IMPLICIT_RETAIN_SELF = YES;
				CLANG_WARN_OBJC_LITERAL_CONVERSION = YES;
				CLANG_WARN_OBJC_ROOT_CLASS = YES_ERROR;
				CLANG_WARN_RANGE_LOOP_ANALYSIS = YES;
				CLANG_WARN_STRICT_PROTOTYPES = YES;
				CLANG_WARN_SUSPICIOUS_MOVE = YES;
				CLANG_WARN_UNGUARDED_AVAILABILITY = YES_AGGRESSIVE;
				CLANG_WARN_UNREACHABLE_CODE = YES;
				CLANG_WARN__DUPLICATE_METHOD_MATCH = YES;
				CODE_SIGN_IDENTITY = "Mac Developer";
				COPY_PHASE_STRIP = NO;
				DEBUG_INFORMATION_FORMAT = dwarf;
				ENABLE_STRICT_OBJC_MSGSEND = YES;
				ENABLE_TESTABILITY = YES;
				GCC_C_LANGUAGE_STANDARD = gnu11;
				GCC_DYNAMIC_NO_PIC = NO;
				GCC_NO_COMMON_BLOCKS = YES;
				GCC_OPTIMIZATION_LEVEL = 0;
				GCC_PREPROCESSOR_DEFINITIONS = (
					"DEBUG=1",
					"$(inherited)",
				);
				GCC_WARN_64_TO_32_BIT_CONVERSION = YES;
				GCC_WARN_ABOUT_RETURN_TYPE = YES_ERROR;
				GCC_WARN_UNDECLARED_SELECTOR = YES;
				GCC_WARN_UNINITIALIZED_AUTOS = YES_AGGRESSIVE;
				GCC_WARN_UNUSED_FUNCTION = YES;
				GCC_WARN_UNUSED_VARIABLE = YES;
				MACOSX_DEPLOYMENT_TARGET = 10.13;
				MTL_ENABLE_DEBUG_INFO = INCLUDE_SOURCE;
				MTL_FAST_MATH = YES;
				ONLY_ACTIVE_ARCH = YES;
				SDKROOT = macosx;
			};
			name = Debug;
		};
		7E402F13215D01510017F018 /* Release */ = {
			isa = XCBuildConfiguration;
			buildSettings = {
				ALWAYS_SEARCH_USER_PATHS = NO;
				CLANG_ANALYZER_NONNULL = YES;
				CLANG_ANALYZER_NUMBER_OBJECT_CONVERSION = YES_AGGRESSIVE;
				CLANG_CXX_LANGUAGE_STANDARD = "gnu++14";
				CLANG_CXX_LIBRARY = "libc++";
				CLANG_ENABLE_MODULES = YES;
				CLANG_ENABLE_OBJC_ARC = YES;
				CLANG_ENABLE_OBJC_WEAK = YES;
				CLANG_WARN_BLOCK_CAPTURE_AUTORELEASING = YES;
				CLANG_WARN_BOOL_CONVERSION = YES;
				CLANG_WARN_COMMA = YES;
				CLANG_WARN_CONSTANT_CONVERSION = YES;
				CLANG_WARN_DEPRECATED_OBJC_IMPLEMENTATIONS = YES;
				CLANG_WARN_DIRECT_OBJC_ISA_USAGE = YES_ERROR;
				CLANG_WARN_DOCUMENTATION_COMMENTS = YES;
				CLANG_WARN_EMPTY_BODY = YES;
				CLANG_WARN_ENUM_CONVERSION = YES;
				CLANG_WARN_INFINITE_RECURSION = YES;
				CLANG_WARN_INT_CONVERSION = YES;
				CLANG_WARN_NON_LITERAL_NULL_CONVERSION = YES;
				CLANG_WARN_OBJC_IMPLICIT_RETAIN_SELF = YES;
				CLANG_WARN_OBJC_LITERAL_CONVERSION = YES;
				CLANG_WARN_OBJC_ROOT_CLASS = YES_ERROR;
				CLANG_WARN_RANGE_LOOP_ANALYSIS = YES;
				CLANG_WARN_STRICT_PROTOTYPES = YES;
				CLANG_WARN_SUSPICIOUS_MOVE = YES;
				CLANG_WARN_UNGUARDED_AVAILABILITY = YES_AGGRESSIVE;
				CLANG_WARN_UNREACHABLE_CODE = YES;
				CLANG_WARN__DUPLICATE_METHOD_MATCH = YES;
				CODE_SIGN_IDENTITY = "Mac Developer";
				COPY_PHASE_STRIP = NO;
				DEBUG_INFORMATION_FORMAT = "dwarf-with-dsym";
				ENABLE_NS_ASSERTIONS = NO;
				ENABLE_STRICT_OBJC_MSGSEND = YES;
				GCC_C_LANGUAGE_STANDARD = gnu11;
				GCC_NO_COMMON_BLOCKS = YES;
				GCC_WARN_64_TO_32_BIT_CONVERSION = YES;
				GCC_WARN_ABOUT_RETURN_TYPE = YES_ERROR;
				GCC_WARN_UNDECLARED_SELECTOR = YES;
				GCC_WARN_UNINITIALIZED_AUTOS = YES_AGGRESSIVE;
				GCC_WARN_UNUSED_FUNCTION = YES;
				GCC_WARN_UNUSED_VARIABLE = YES;
				MACOSX_DEPLOYMENT_TARGET = 10.13;
				MTL_ENABLE_DEBUG_INFO = NO;
				MTL_FAST_MATH = YES;
				SDKROOT = macosx;
			};
			name = Release;
		};
		7E402F15215D01510017F018 /* Debug */ = {
			isa = XCBuildConfiguration;
			buildSettings = {
				CLANG_CXX_LANGUAGE_STANDARD = "c++17";
				CODE_SIGN_STYLE = Automatic;
				DEVELOPMENT_TEAM = X8L4UBD548;
				GCC_GENERATE_TEST_COVERAGE_FILES = NO;
				"HEADER_SEARCH_PATHS[arch=*]" = (
					"$(SRCROOT)/../UnitTests/**",
					"$(SRCROOT)/../Algorithms/**",
					"$(SRCROOT)/../Core/**",
					"$(SRCROOT)/../Experimental/**",
					"$(SRCROOT)/../Maths/**",
					"$(SRCROOT)/../UnitTestFramework/**",
					"$(SRCROOT)/../Parsing/**",
				);
				MACOSX_DEPLOYMENT_TARGET = 10.14;
				OTHER_CPLUSPLUSFLAGS = "";
				"OTHER_CPLUSPLUSFLAGS[arch=*]" = (
					"-D",
					MINIMAL_GRAPH_TESTS,
				);
				PRODUCT_NAME = "$(TARGET_NAME)";
			};
			name = Debug;
		};
		7E402F16215D01510017F018 /* Release */ = {
			isa = XCBuildConfiguration;
			buildSettings = {
				CLANG_CXX_LANGUAGE_STANDARD = "c++17";
				CODE_SIGN_STYLE = Automatic;
				DEVELOPMENT_TEAM = X8L4UBD548;
				GCC_GENERATE_TEST_COVERAGE_FILES = NO;
				MACOSX_DEPLOYMENT_TARGET = 10.14;
				PRODUCT_NAME = "$(TARGET_NAME)";
			};
			name = Release;
		};
/* End XCBuildConfiguration section */

/* Begin XCConfigurationList section */
		7E402F08215D01510017F018 /* Build configuration list for PBXProject "SequoiaX" */ = {
			isa = XCConfigurationList;
			buildConfigurations = (
				7E402F12215D01510017F018 /* Debug */,
				7E402F13215D01510017F018 /* Release */,
			);
			defaultConfigurationIsVisible = 0;
			defaultConfigurationName = Release;
		};
		7E402F14215D01510017F018 /* Build configuration list for PBXNativeTarget "SequoiaX" */ = {
			isa = XCConfigurationList;
			buildConfigurations = (
				7E402F15215D01510017F018 /* Debug */,
				7E402F16215D01510017F018 /* Release */,
			);
			defaultConfigurationIsVisible = 0;
			defaultConfigurationName = Release;
		};
/* End XCConfigurationList section */
	};
	rootObject = 7E402F05215D01510017F018 /* Project object */;
}
